{
  "name": "pasteon_tauri",
  "version": "1.0.0",
  "lockfileVersion": 3,
  "requires": true,
  "packages": {
    "": {
      "name": "pasteon_tauri",
      "version": "1.0.0",
      "license": "ISC",
      "dependencies": {
        "@tauri-apps/api": "^1.5.3"
      }
    },
    "node_modules/@tauri-apps/api": {
      "version": "1.5.3",
      "resolved": "https://registry.npmjs.org/@tauri-apps/api/-/api-1.5.3.tgz",
      "integrity": "sha512-zxnDjHHKjOsrIzZm6nO5Xapb/BxqUq1tc7cGkFXsFkGTsSWgCPH1D8mm0XS9weJY2OaR73I3k3S+b7eSzJDfqA==",
      "engines": {
        "node": ">= 14.6.0",
        "npm": ">= 6.6.0",
        "yarn": ">= 1.19.1"
      },
      "funding": {
        "type": "opencollective",
        "url": "https://opencollective.com/tauri"
      }
    }
  }
}
